
Microsoft Visual Studio Solution File, Format Version 12.00
# Visual Studio 15
VisualStudioVersion = 15.0.27428.2037
MinimumVisualStudioVersion = 10.0.40219.1
Project("{FAE04EC0-301F-11D3-BF4B-00C04F79EFBC}") = "WpfDRAGDROP", "WpfDRAGDROP\WpfDRAGDROP.csproj", "{92879791-07FF-4FC7-A135-BAA88388A64E}"
EndProject
Global
	GlobalSection(SolutionConfigurationPlatforms) = preSolution
		Debug|Any CPU = Debug|Any CPU
		Release|Any CPU = Release|Any CPU
	EndGlobalSection
	GlobalSection(ProjectConfigurationPlatforms) = postSolution
		{92879791-07FF-4FC7-A135-BAA88388A64E}.Debug|Any CPU.ActiveCfg = Debug|Any CPU
		{92879791-07FF-4FC7-A135-BAA88388A64E}.Debug|Any CPU.Build.0 = Debug|Any CPU
		{92879791-07FF-4FC7-A135-BAA88388A64E}.Release|Any CPU.ActiveCfg = Release|Any CPU
		{92879791-07FF-4FC7-A135-BAA88388A64E}.Release|Any CPU.Build.0 = Release|Any CPU
	EndGlobalSection
	GlobalSection(SolutionProperties) = preSolution
		HideSolutionNode = FALSE
	EndGlobalSection
	GlobalSection(ExtensibilityGlobals) = postSolution
		SolutionGuid = {3F854DB7-C5DC-4479-8F53-28F9370E96A9}
	EndGlobalSection
EndGlobal
